
Microsoft Visual Studio Solution File, Format Version 12.00
# Visual Studio Version 16
VisualStudioVersion = 16.0.30011.22
MinimumVisualStudioVersion = 10.0.40219.1
Project("{9A19103F-16F7-4668-BE54-9A1E7A4F7556}") = "AppSettingsConverter", "AppSettingsConverter.csproj", "{0345A1A6-CF85-473F-B9A2-1B720171EFDF}"
EndProject
Global
	GlobalSection(SolutionConfigurationPlatforms) = preSolution
		Debug|Any CPU = Debug|Any CPU
		Release|Any CPU = Release|Any CPU
	EndGlobalSection
	GlobalSection(ProjectConfigurationPlatforms) = postSolution
		{0345A1A6-CF85-473F-B9A2-1B720171EFDF}.Debug|Any CPU.ActiveCfg = Debug|Any CPU
		{0345A1A6-CF85-473F-B9A2-1B720171EFDF}.Debug|Any CPU.Build.0 = Debug|Any CPU
		{0345A1A6-CF85-473F-B9A2-1B720171EFDF}.Release|Any CPU.ActiveCfg = Release|Any CPU
		{0345A1A6-CF85-473F-B9A2-1B720171EFDF}.Release|Any CPU.Build.0 = Release|Any CPU
	EndGlobalSection
	GlobalSection(SolutionProperties) = preSolution
		HideSolutionNode = FALSE
	EndGlobalSection
	GlobalSection(ExtensibilityGlobals) = postSolution
		SolutionGuid = {689974BB-BB3B-43E9-91EB-346C6029F92D}
	EndGlobalSection
EndGlobal
